PODS:
  - Alamofire (4.9.1)
  - ObjectMapper (3.5.3)
  - SwiftyJSON (4.3.0)

DEPENDENCIES:
  - Alamofire (~> 4.7)
  - ObjectMapper (~> 3.3)
  - SwiftyJSON (~> 4.0)

SPEC REPOS:
  trunk:
    - Alamofire
    - ObjectMapper
    - SwiftyJSON

SPEC CHECKSUMS:
  Alamofire: 85e8a02c69d6020a0d734f6054870d7ecb75cf18
  ObjectMapper: 97111c97e054a6ee25917662106689f0b4127b37
  SwiftyJSON: 6faa0040f8b59dead0ee07436cbf76b73c08fd08

PODFILE CHECKSUM: bced9ced3a8ae4b2786346eb8510ad9b0c2a917d

COCOAPODS: 1.10.2
